
Microsoft Visual Studio Solution File, Format Version 12.00
# Visual Studio Version 17
VisualStudioVersion = 17.14.36518.9 d17.14
MinimumVisualStudioVersion = 10.0.40219.1
Project("{FAE04EC0-301F-11D3-BF4B-00C04F79EFBC}") = "Quan_Ly_Phong_GYM", "Quan_Ly_Phong_GYM\Quan_Ly_Phong_GYM.csproj", "{C1F48C1C-CB7D-489F-A987-CB1AF3B2FBEE}"
EndProject
Global
	GlobalSection(SolutionConfigurationPlatforms) = preSolution
		Debug|Any CPU = Debug|Any CPU
		Release|Any CPU = Release|Any CPU
	EndGlobalSection
	GlobalSection(ProjectConfigurationPlatforms) = postSolution
		{C1F48C1C-CB7D-489F-A987-CB1AF3B2FBEE}.Debug|Any CPU.ActiveCfg = Debug|Any CPU
		{C1F48C1C-CB7D-489F-A987-CB1AF3B2FBEE}.Debug|Any CPU.Build.0 = Debug|Any CPU
		{C1F48C1C-CB7D-489F-A987-CB1AF3B2FBEE}.Release|Any CPU.ActiveCfg = Release|Any CPU
		{C1F48C1C-CB7D-489F-A987-CB1AF3B2FBEE}.Release|Any CPU.Build.0 = Release|Any CPU
	EndGlobalSection
	GlobalSection(SolutionProperties) = preSolution
		HideSolutionNode = FALSE
	EndGlobalSection
	GlobalSection(ExtensibilityGlobals) = postSolution
		SolutionGuid = {5446B846-8B21-4D5A-9B78-63C68CC06B1F}
	EndGlobalSection
EndGlobal
